{
    "_meta": {
        "hash": {
            "sha256": "ffde2ab623556b747c07837d0dedd572f305c32d348110984542cbefbb502459"
        },
        "pipfile-spec": 6,
        "requires": {
            "python_version": "3.11"
        },
        "sources": [
            {
                "name": "pypi",
                "url": "https://pypi.tuna.tsinghua.edu.cn/simple",
                "verify_ssl": true
            }
        ]
    },
    "default": {
        "pysimplegui": {
            "hashes": [
                "sha256:4c77436f527b6ee5c6e097a07028c83d85dc2513bcb51b78c9bfcc1b55123bd1",
                "sha256:67e35ad6dd76e9369051261114f4711308e87815a0488f7fa28b37c29a546f8b"
            ],
            "index": "pypi",
            "markers": "python_version >= '3.6'",
            "version": "==5.0.8.3"
        }
    },
    "develop": {}
}
